
Microsoft Visual Studio Solution File, Format Version 11.00
# Visual Studio 2010
Project("{FAE04EC0-301F-11D3-BF4B-00C04F79EFBC}") = "Assembly-CSharp", "Assembly-CSharp.csproj", "{CD894843-4976-3E5D-E382-92ABD1E736A6}"
EndProject
Project("{FAE04EC0-301F-11D3-BF4B-00C04F79EFBC}") = "Assembly-CSharp-Editor", "Assembly-CSharp-Editor.csproj", "{9721F14C-4D7E-B0C9-B8D2-3DAC9B04FF74}"
EndProject
Global
	GlobalSection(SolutionConfigurationPlatforms) = preSolution
		Debug|Any CPU = Debug|Any CPU
		Release|Any CPU = Release|Any CPU
	EndGlobalSection
	GlobalSection(ProjectConfigurationPlatforms) = postSolution
		{CD894843-4976-3E5D-E382-92ABD1E736A6}.Debug|Any CPU.ActiveCfg = Debug|Any CPU
		{CD894843-4976-3E5D-E382-92ABD1E736A6}.Debug|Any CPU.Build.0 = Debug|Any CPU
		{CD894843-4976-3E5D-E382-92ABD1E736A6}.Release|Any CPU.ActiveCfg = Release|Any CPU
		{CD894843-4976-3E5D-E382-92ABD1E736A6}.Release|Any CPU.Build.0 = Release|Any CPU
		{9721F14C-4D7E-B0C9-B8D2-3DAC9B04FF74}.Debug|Any CPU.ActiveCfg = Debug|Any CPU
		{9721F14C-4D7E-B0C9-B8D2-3DAC9B04FF74}.Debug|Any CPU.Build.0 = Debug|Any CPU
		{9721F14C-4D7E-B0C9-B8D2-3DAC9B04FF74}.Release|Any CPU.ActiveCfg = Release|Any CPU
		{9721F14C-4D7E-B0C9-B8D2-3DAC9B04FF74}.Release|Any CPU.Build.0 = Release|Any CPU
	EndGlobalSection
	GlobalSection(SolutionProperties) = preSolution
		HideSolutionNode = FALSE
	EndGlobalSection
	GlobalSection(MonoDevelopProperties) = preSolution
		StartupItem = Assembly-CSharp.csproj
	EndGlobalSection
EndGlobal
